
Microsoft Visual Studio Solution File, Format Version 12.00
# Visual Studio Version 16
VisualStudioVersion = 16.0.31025.194
MinimumVisualStudioVersion = 10.0.40219.1
Project("{FAE04EC0-301F-11D3-BF4B-00C04F79EFBC}") = "Something", "Something\Something.csproj", "{7E92D87D-E7CB-4688-ABAC-C540F40230DD}"
EndProject
Global
	GlobalSection(SolutionConfigurationPlatforms) = preSolution
		Debug|Any CPU = Debug|Any CPU
		Release|Any CPU = Release|Any CPU
	EndGlobalSection
	GlobalSection(ProjectConfigurationPlatforms) = postSolution
		{7E92D87D-E7CB-4688-ABAC-C540F40230DD}.Debug|Any CPU.ActiveCfg = Debug|Any CPU
		{7E92D87D-E7CB-4688-ABAC-C540F40230DD}.Debug|Any CPU.Build.0 = Debug|Any CPU
		{7E92D87D-E7CB-4688-ABAC-C540F40230DD}.Release|Any CPU.ActiveCfg = Release|Any CPU
		{7E92D87D-E7CB-4688-ABAC-C540F40230DD}.Release|Any CPU.Build.0 = Release|Any CPU
	EndGlobalSection
	GlobalSection(SolutionProperties) = preSolution
		HideSolutionNode = FALSE
	EndGlobalSection
	GlobalSection(ExtensibilityGlobals) = postSolution
		SolutionGuid = {27E5588B-D309-4238-ABE2-AB48C92403A3}
	EndGlobalSection
EndGlobal
